
Microsoft Visual Studio Solution File, Format Version 12.00
# Visual Studio Version 17
VisualStudioVersion = 17.8.34511.84
MinimumVisualStudioVersion = 10.0.40219.1
Project("{FAE04EC0-301F-11D3-BF4B-00C04F79EFBC}") = "day 8", "day 8.csproj", "{F8C073F9-B45D-4E3A-8AD2-6A000A0CCC8C}"
EndProject
Global
	GlobalSection(SolutionConfigurationPlatforms) = preSolution
		Debug|Any CPU = Debug|Any CPU
		Release|Any CPU = Release|Any CPU
	EndGlobalSection
	GlobalSection(ProjectConfigurationPlatforms) = postSolution
		{F8C073F9-B45D-4E3A-8AD2-6A000A0CCC8C}.Debug|Any CPU.ActiveCfg = Debug|Any CPU
		{F8C073F9-B45D-4E3A-8AD2-6A000A0CCC8C}.Debug|Any CPU.Build.0 = Debug|Any CPU
		{F8C073F9-B45D-4E3A-8AD2-6A000A0CCC8C}.Release|Any CPU.ActiveCfg = Release|Any CPU
		{F8C073F9-B45D-4E3A-8AD2-6A000A0CCC8C}.Release|Any CPU.Build.0 = Release|Any CPU
	EndGlobalSection
	GlobalSection(SolutionProperties) = preSolution
		HideSolutionNode = FALSE
	EndGlobalSection
	GlobalSection(ExtensibilityGlobals) = postSolution
		SolutionGuid = {F6DDEFFB-CD7C-4FB5-AB36-5277DC723329}
	EndGlobalSection
EndGlobal
